
Microsoft Visual Studio Solution File, Format Version 12.00
# Visual Studio Version 17
VisualStudioVersion = 17.12.35707.178
MinimumVisualStudioVersion = 10.0.40219.1
Project("{FAE04EC0-301F-11D3-BF4B-00C04F79EFBC}") = "ApiGateway.Presentation", "ApiGateway.Presentation\ApiGateway.Presentation.csproj", "{B6361E40-ABC5-4BF0-8154-E5EFD1124BB3}"
EndProject
Project("{FAE04EC0-301F-11D3-BF4B-00C04F79EFBC}") = "EasyBlog.SharedLibrary", "C:\Users\trant\Desktop\EasyBLog.SharedLibrarySolution\EasyBlog.SharedLibrary\EasyBlog.SharedLibrary.csproj", "{F7618B83-7E9D-4BA8-BA1B-E641827FC22F}"
EndProject
Global
	GlobalSection(SolutionConfigurationPlatforms) = preSolution
		Debug|Any CPU = Debug|Any CPU
		Release|Any CPU = Release|Any CPU
	EndGlobalSection
	GlobalSection(ProjectConfigurationPlatforms) = postSolution
		{B6361E40-ABC5-4BF0-8154-E5EFD1124BB3}.Debug|Any CPU.ActiveCfg = Debug|Any CPU
		{B6361E40-ABC5-4BF0-8154-E5EFD1124BB3}.Debug|Any CPU.Build.0 = Debug|Any CPU
		{B6361E40-ABC5-4BF0-8154-E5EFD1124BB3}.Release|Any CPU.ActiveCfg = Release|Any CPU
		{B6361E40-ABC5-4BF0-8154-E5EFD1124BB3}.Release|Any CPU.Build.0 = Release|Any CPU
		{F7618B83-7E9D-4BA8-BA1B-E641827FC22F}.Debug|Any CPU.ActiveCfg = Debug|Any CPU
		{F7618B83-7E9D-4BA8-BA1B-E641827FC22F}.Debug|Any CPU.Build.0 = Debug|Any CPU
		{F7618B83-7E9D-4BA8-BA1B-E641827FC22F}.Release|Any CPU.ActiveCfg = Release|Any CPU
		{F7618B83-7E9D-4BA8-BA1B-E641827FC22F}.Release|Any CPU.Build.0 = Release|Any CPU
	EndGlobalSection
	GlobalSection(SolutionProperties) = preSolution
		HideSolutionNode = FALSE
	EndGlobalSection
EndGlobal
