
Microsoft Visual Studio Solution File, Format Version 12.00
# Visual Studio Version 17
VisualStudioVersion = 17.12.35707.178 d17.12
MinimumVisualStudioVersion = 10.0.40219.1
Project("{FAE04EC0-301F-11D3-BF4B-00C04F79EFBC}") = "UploadApi.Application", "UploadApi.Application\UploadApi.Application.csproj", "{E87F681E-A29F-4E02-9E4B-E74819B66375}"
EndProject
Project("{FAE04EC0-301F-11D3-BF4B-00C04F79EFBC}") = "UploadApi.Infrastructure", "UploadApi.Infrastructure\UploadApi.Infrastructure.csproj", "{3F4F5889-7A66-4EDD-BEFE-403CFFCEAF0C}"
EndProject
Project("{FAE04EC0-301F-11D3-BF4B-00C04F79EFBC}") = "UploadApi.Domain", "UploadApi.Domain\UploadApi.Domain.csproj", "{242D07B9-BEE8-4D0D-8B47-561CBD5B6200}"
EndProject
Project("{FAE04EC0-301F-11D3-BF4B-00C04F79EFBC}") = "UploadApi.Presentation", "UploadApi.Presentation\UploadApi.Presentation.csproj", "{BB6685B5-CBA1-478F-B661-6DB600AC4E76}"
EndProject
Project("{FAE04EC0-301F-11D3-BF4B-00C04F79EFBC}") = "EasyBlog.SharedLibrary", "..\EasyBLog.SharedLibrarySolution\EasyBlog.SharedLibrary\EasyBlog.SharedLibrary.csproj", "{43134544-5DDD-4F34-8276-0363A95647F2}"
EndProject
Global
	GlobalSection(SolutionConfigurationPlatforms) = preSolution
		Debug|Any CPU = Debug|Any CPU
		Release|Any CPU = Release|Any CPU
	EndGlobalSection
	GlobalSection(ProjectConfigurationPlatforms) = postSolution
		{E87F681E-A29F-4E02-9E4B-E74819B66375}.Debug|Any CPU.ActiveCfg = Debug|Any CPU
		{E87F681E-A29F-4E02-9E4B-E74819B66375}.Debug|Any CPU.Build.0 = Debug|Any CPU
		{E87F681E-A29F-4E02-9E4B-E74819B66375}.Release|Any CPU.ActiveCfg = Release|Any CPU
		{E87F681E-A29F-4E02-9E4B-E74819B66375}.Release|Any CPU.Build.0 = Release|Any CPU
		{3F4F5889-7A66-4EDD-BEFE-403CFFCEAF0C}.Debug|Any CPU.ActiveCfg = Debug|Any CPU
		{3F4F5889-7A66-4EDD-BEFE-403CFFCEAF0C}.Debug|Any CPU.Build.0 = Debug|Any CPU
		{3F4F5889-7A66-4EDD-BEFE-403CFFCEAF0C}.Release|Any CPU.ActiveCfg = Release|Any CPU
		{3F4F5889-7A66-4EDD-BEFE-403CFFCEAF0C}.Release|Any CPU.Build.0 = Release|Any CPU
		{242D07B9-BEE8-4D0D-8B47-561CBD5B6200}.Debug|Any CPU.ActiveCfg = Debug|Any CPU
		{242D07B9-BEE8-4D0D-8B47-561CBD5B6200}.Debug|Any CPU.Build.0 = Debug|Any CPU
		{242D07B9-BEE8-4D0D-8B47-561CBD5B6200}.Release|Any CPU.ActiveCfg = Release|Any CPU
		{242D07B9-BEE8-4D0D-8B47-561CBD5B6200}.Release|Any CPU.Build.0 = Release|Any CPU
		{BB6685B5-CBA1-478F-B661-6DB600AC4E76}.Debug|Any CPU.ActiveCfg = Debug|Any CPU
		{BB6685B5-CBA1-478F-B661-6DB600AC4E76}.Debug|Any CPU.Build.0 = Debug|Any CPU
		{BB6685B5-CBA1-478F-B661-6DB600AC4E76}.Release|Any CPU.ActiveCfg = Release|Any CPU
		{BB6685B5-CBA1-478F-B661-6DB600AC4E76}.Release|Any CPU.Build.0 = Release|Any CPU
		{43134544-5DDD-4F34-8276-0363A95647F2}.Debug|Any CPU.ActiveCfg = Debug|Any CPU
		{43134544-5DDD-4F34-8276-0363A95647F2}.Debug|Any CPU.Build.0 = Debug|Any CPU
		{43134544-5DDD-4F34-8276-0363A95647F2}.Release|Any CPU.ActiveCfg = Release|Any CPU
		{43134544-5DDD-4F34-8276-0363A95647F2}.Release|Any CPU.Build.0 = Release|Any CPU
	EndGlobalSection
	GlobalSection(SolutionProperties) = preSolution
		HideSolutionNode = FALSE
	EndGlobalSection
EndGlobal
